Microsoft Visual Studio Solution File, Format Version 12.00
# Visual Studio Version 17
VisualStudioVersion = 17.5.2.0
MinimumVisualStudioVersion = 10.0.40219.1
Project("{FAE04EC0-301F-11D3-BF4B-00C04F79EFBC}") = "HarroDotNet.HtmlBuilder", "HarroDotNet.HtmlBuilder.csproj", "{330F41B8-FCBC-CE67-F91E-A8CE68982151}"
EndProject
Global
	GlobalSection(SolutionConfigurationPlatforms) = preSolution
		Debug|Any CPU = Debug|Any CPU
		Release|Any CPU = Release|Any CPU
	EndGlobalSection
	GlobalSection(ProjectConfigurationPlatforms) = postSolution
		{330F41B8-FCBC-CE67-F91E-A8CE68982151}.Debug|Any CPU.ActiveCfg = Debug|Any CPU
		{330F41B8-FCBC-CE67-F91E-A8CE68982151}.Debug|Any CPU.Build.0 = Debug|Any CPU
		{330F41B8-FCBC-CE67-F91E-A8CE68982151}.Release|Any CPU.ActiveCfg = Release|Any CPU
		{330F41B8-FCBC-CE67-F91E-A8CE68982151}.Release|Any CPU.Build.0 = Release|Any CPU
	EndGlobalSection
	GlobalSection(SolutionProperties) = preSolution
		HideSolutionNode = FALSE
	EndGlobalSection
	GlobalSection(ExtensibilityGlobals) = postSolution
		SolutionGuid = {707D25AD-B405-4F2B-B969-32343175D03D}
	EndGlobalSection
EndGlobal
